// !$*UTF8*$!
{
	archiveVersion = 1;
	classes = {
	};
	objectVersion = 70;
	objects = {

/* Begin PBXBuildFile section */
		03CECE222CB8219A000E8FF0 /* BookDetailView.swift in Sources */ = {isa = PBXBuildFile; fileRef = 03CECE212CB82195000E8FF0 /* BookDetailView.swift */; };
		03CECE242CB821AD000E8FF0 /* BookDetailViewController.swift in Sources */ = {isa = PBXBuildFile; fileRef = 03CECE232CB821A7000E8FF0 /* BookDetailViewController.swift */; };
		03CECE262CB821BB000E8FF0 /* BookDetailViewModel.swift in Sources */ = {isa = PBXBuildFile; fileRef = 03CECE252CB821B6000E8FF0 /* BookDetailViewModel.swift */; };
		03CECE292CB821D6000E8FF0 /* BookDetailCoverView.swift in Sources */ = {isa = PBXBuildFile; fileRef = 03CECE282CB821CD000E8FF0 /* BookDetailCoverView.swift */; };
		03CECE2B2CB821ED000E8FF0 /* BookDetailDescriptionView.swift in Sources */ = {isa = PBXBuildFile; fileRef = 03CECE2A2CB821E2000E8FF0 /* BookDetailDescriptionView.swift */; };
		03CECE492CB82E3B000E8FF0 /* RecordBookViewController.swift in Sources */ = {isa = PBXBuildFile; fileRef = 03CECE482CB82E36000E8FF0 /* RecordBookViewController.swift */; };
		03CECE4B2CB82E63000E8FF0 /* RecordBookViewModel.swift in Sources */ = {isa = PBXBuildFile; fileRef = 03CECE4A2CB82E57000E8FF0 /* RecordBookViewModel.swift */; };
		03CECE4E2CB83271000E8FF0 /* RecordBookView.swift in Sources */ = {isa = PBXBuildFile; fileRef = 03CECE4D2CB83259000E8FF0 /* RecordBookView.swift */; };
		03CECE502CB83282000E8FF0 /* CharacterView.swift in Sources */ = {isa = PBXBuildFile; fileRef = 03CECE4F2CB8327E000E8FF0 /* CharacterView.swift */; };
		03CECE522CB832A7000E8FF0 /* RecordDateView.swift in Sources */ = {isa = PBXBuildFile; fileRef = 03CECE512CB8329F000E8FF0 /* RecordDateView.swift */; };
		03CECE542CB832C3000E8FF0 /* BookReviewView.swift in Sources */ = {isa = PBXBuildFile; fileRef = 03CECE532CB832B0000E8FF0 /* BookReviewView.swift */; };
		03CECE582CB83EDB000E8FF0 /* CalendarView.swift in Sources */ = {isa = PBXBuildFile; fileRef = 03CECE572CB83ED7000E8FF0 /* CalendarView.swift */; };
		03CECF262CBA471E000E8FF0 /* CharacterModel.swift in Sources */ = {isa = PBXBuildFile; fileRef = 03CECF252CBA4718000E8FF0 /* CharacterModel.swift */; };
		A48AC3792CA28F6A00212432 /* AppDelegate.swift in Sources */ = {isa = PBXBuildFile; fileRef = A48AC3782CA28F6A00212432 /* AppDelegate.swift */; };
		A48AC37B2CA28F6A00212432 /* SceneDelegate.swift in Sources */ = {isa = PBXBuildFile; fileRef = A48AC37A2CA28F6A00212432 /* SceneDelegate.swift */; };
		A48AC37D2CA28F6A00212432 /* ViewController.swift in Sources */ = {isa = PBXBuildFile; fileRef = A48AC37C2CA28F6A00212432 /* ViewController.swift */; };
		A48AC3822CA28F6B00212432 /* Assets.xcassets in Resources */ = {isa = PBXBuildFile; fileRef = A48AC3812CA28F6B00212432 /* Assets.xcassets */; };
		A48AC3852CA28F6B00212432 /* Base in Resources */ = {isa = PBXBuildFile; fileRef = A48AC3842CA28F6B00212432 /* Base */; };
		A48AC3932CA2921200212432 /* Config.swift in Sources */ = {isa = PBXBuildFile; fileRef = A48AC3922CA2921200212432 /* Config.swift */; };
		A48AC3962CA292BB00212432 /* CustomNavigationBar.swift in Sources */ = {isa = PBXBuildFile; fileRef = A48AC3952CA292BB00212432 /* CustomNavigationBar.swift */; };
		A48AC39A2CA292D100212432 /* TabBarItem.swift in Sources */ = {isa = PBXBuildFile; fileRef = A48AC3992CA292D100212432 /* TabBarItem.swift */; };
		A48AC39C2CA292DA00212432 /* TabBarController.swift in Sources */ = {isa = PBXBuildFile; fileRef = A48AC39B2CA292DA00212432 /* TabBarController.swift */; };
		A48AC39E2CA2964500212432 /* Colors.xcassets in Resources */ = {isa = PBXBuildFile; fileRef = A48AC39D2CA2964500212432 /* Colors.xcassets */; };
		A48AC3A12CA2982A00212432 /* Then in Frameworks */ = {isa = PBXBuildFile; productRef = A48AC3A02CA2982A00212432 /* Then */; };
		A48AC3A42CA2983700212432 /* SnapKit in Frameworks */ = {isa = PBXBuildFile; productRef = A48AC3A32CA2983700212432 /* SnapKit */; };
		A48AC3A72CA2993C00212432 /* SizeLiterals.swift in Sources */ = {isa = PBXBuildFile; fileRef = A48AC3A62CA2993C00212432 /* SizeLiterals.swift */; };
		A48AC3A92CA2994300212432 /* FontLiterals.swift in Sources */ = {isa = PBXBuildFile; fileRef = A48AC3A82CA2994300212432 /* FontLiterals.swift */; };
		A48AC3B52CA29AA600212432 /* UIView+.swift in Sources */ = {isa = PBXBuildFile; fileRef = A48AC3B42CA29AA600212432 /* UIView+.swift */; };
		A48AC3BA2CA29EA400212432 /* Pretendard-Regular.otf in Resources */ = {isa = PBXBuildFile; fileRef = A48AC3B62CA29EA400212432 /* Pretendard-Regular.otf */; };
		A48AC3BB2CA29EA400212432 /* Pretendard-SemiBold.otf in Resources */ = {isa = PBXBuildFile; fileRef = A48AC3B72CA29EA400212432 /* Pretendard-SemiBold.otf */; };
		A48AC3BC2CA29EA400212432 /* PyeongChang-Bold.otf in Resources */ = {isa = PBXBuildFile; fileRef = A48AC3B82CA29EA400212432 /* PyeongChang-Bold.otf */; };
		A48AC3BD2CA29EA400212432 /* Pretendard-Bold.otf in Resources */ = {isa = PBXBuildFile; fileRef = A48AC3B92CA29EA400212432 /* Pretendard-Bold.otf */; };
		A48AC3C02CA41D6C00212432 /* HomeViewController.swift in Sources */ = {isa = PBXBuildFile; fileRef = A48AC3BF2CA41D6C00212432 /* HomeViewController.swift */; };
		A48AC3C22CA4207600212432 /* HomeTodayBookView.swift in Sources */ = {isa = PBXBuildFile; fileRef = A48AC3C12CA4207600212432 /* HomeTodayBookView.swift */; };
		A48AC3C62CA427BA00212432 /* PyeongChang-Regular.otf in Resources */ = {isa = PBXBuildFile; fileRef = A48AC3C52CA427BA00212432 /* PyeongChang-Regular.otf */; };
		A48AC3C82CA4284800212432 /* UIStackView+.swift in Sources */ = {isa = PBXBuildFile; fileRef = A48AC3C72CA4284800212432 /* UIStackView+.swift */; };
		A48AC3CC2CA42EBE00212432 /* BookCollectionViewCell.swift in Sources */ = {isa = PBXBuildFile; fileRef = A48AC3CB2CA42EBE00212432 /* BookCollectionViewCell.swift */; };
		A48AC3D02CA431A400212432 /* NSObject+.swift in Sources */ = {isa = PBXBuildFile; fileRef = A48AC3CF2CA431A400212432 /* NSObject+.swift */; };
		A48AC3D22CA5B7D400212432 /* HomeViewModel.swift in Sources */ = {isa = PBXBuildFile; fileRef = A48AC3D12CA5B7D400212432 /* HomeViewModel.swift */; };
		A48AC3D52CA5B83200212432 /* RxCocoa in Frameworks */ = {isa = PBXBuildFile; productRef = A48AC3D42CA5B83200212432 /* RxCocoa */; };
		A48AC3D72CA5B83200212432 /* RxSwift in Frameworks */ = {isa = PBXBuildFile; productRef = A48AC3D62CA5B83200212432 /* RxSwift */; };
		A48AC3DA2CA5B85A00212432 /* ViewModel.swift in Sources */ = {isa = PBXBuildFile; fileRef = A48AC3D92CA5B85A00212432 /* ViewModel.swift */; };
		A48F58652CB426B3004F3A74 /* BaseTargetType.swift in Sources */ = {isa = PBXBuildFile; fileRef = A48F58642CB426B0004F3A74 /* BaseTargetType.swift */; };
		A48F58672CB426BC004F3A74 /* GeneralResponse.swift in Sources */ = {isa = PBXBuildFile; fileRef = A48F58662CB426B8004F3A74 /* GeneralResponse.swift */; };
		A48F586A2CB426E3004F3A74 /* CombineMoya in Frameworks */ = {isa = PBXBuildFile; productRef = A48F58692CB426E3004F3A74 /* CombineMoya */; };
		A48F586C2CB426E3004F3A74 /* Moya in Frameworks */ = {isa = PBXBuildFile; productRef = A48F586B2CB426E3004F3A74 /* Moya */; };
		A48F586E2CB426E3004F3A74 /* ReactiveMoya in Frameworks */ = {isa = PBXBuildFile; productRef = A48F586D2CB426E3004F3A74 /* ReactiveMoya */; };
		A48F58702CB426E3004F3A74 /* RxMoya in Frameworks */ = {isa = PBXBuildFile; productRef = A48F586F2CB426E3004F3A74 /* RxMoya */; };
		A48F58742CB4271A004F3A74 /* HeaderConstant.swift in Sources */ = {isa = PBXBuildFile; fileRef = A48F58732CB42717004F3A74 /* HeaderConstant.swift */; };
		A48F58762CB4282E004F3A74 /* URLConstant.swift in Sources */ = {isa = PBXBuildFile; fileRef = A48F58752CB4282B004F3A74 /* URLConstant.swift */; };
		A48F58782CB4284F004F3A74 /* NetworkLoggerPlugin.swift in Sources */ = {isa = PBXBuildFile; fileRef = A48F58772CB42849004F3A74 /* NetworkLoggerPlugin.swift */; };
		A48F58802CB428C8004F3A74 /* RecommendAiResponseDto.swift in Sources */ = {isa = PBXBuildFile; fileRef = A48F587F2CB428BC004F3A74 /* RecommendAiResponseDto.swift */; };
		A48F58822CB428D7004F3A74 /* RecommendBestSellerResponseDto.swift in Sources */ = {isa = PBXBuildFile; fileRef = A48F58812CB428CF004F3A74 /* RecommendBestSellerResponseDto.swift */; };
		A48F58842CB4290D004F3A74 /* HomeTarget.swift in Sources */ = {isa = PBXBuildFile; fileRef = A48F58832CB42909004F3A74 /* HomeTarget.swift */; };
		A48F58862CB42943004F3A74 /* HomeService.swift in Sources */ = {isa = PBXBuildFile; fileRef = A48F58852CB4293F004F3A74 /* HomeService.swift */; };
		A48F58892CB43569004F3A74 /* Kingfisher in Frameworks */ = {isa = PBXBuildFile; productRef = A48F58882CB43569004F3A74 /* Kingfisher */; };
		A48F588D2CB439F3004F3A74 /* UIImageView+.swift in Sources */ = {isa = PBXBuildFile; fileRef = A48F588C2CB439ED004F3A74 /* UIImageView+.swift */; };
		A48F58AA2CB57743004F3A74 /* SerachViewController.swift in Sources */ = {isa = PBXBuildFile; fileRef = A48F58A92CB5773F004F3A74 /* SerachViewController.swift */; };
		A48F58AC2CB57ADE004F3A74 /* SearchResultView.swift in Sources */ = {isa = PBXBuildFile; fileRef = A48F58AB2CB57A11004F3A74 /* SearchResultView.swift */; };
		A48F58AE2CB57AEE004F3A74 /* RecentSearchView.swift in Sources */ = {isa = PBXBuildFile; fileRef = A48F58AD2CB57AE7004F3A74 /* RecentSearchView.swift */; };
		A48F58B02CB57B50004F3A74 /* RecentCollectionViewCell.swift in Sources */ = {isa = PBXBuildFile; fileRef = A48F58AF2CB57B33004F3A74 /* RecentCollectionViewCell.swift */; };
		A48F596B2CB582FC004F3A74 /* BaseTextField.swift in Sources */ = {isa = PBXBuildFile; fileRef = A48F596A2CB582F6004F3A74 /* BaseTextField.swift */; };
		A48F596D2CB58304004F3A74 /* SearchTextField.swift in Sources */ = {isa = PBXBuildFile; fileRef = A48F596C2CB582FF004F3A74 /* SearchTextField.swift */; };
		A48F596F2CB58D5D004F3A74 /* SearchBookResponseDto.swift in Sources */ = {isa = PBXBuildFile; fileRef = A48F596E2CB58D40004F3A74 /* SearchBookResponseDto.swift */; };
		A48F59712CB58EF8004F3A74 /* SearchViewModel.swift in Sources */ = {isa = PBXBuildFile; fileRef = A48F59702CB58EF4004F3A74 /* SearchViewModel.swift */; };
		A48F5A712CB6BF69004F3A74 /* LocalDBService.swift in Sources */ = {isa = PBXBuildFile; fileRef = A48F5A702CB6BF5F004F3A74 /* LocalDBService.swift */; };
		A48F5AA22CB7FC5F004F3A74 /* RxGesture in Frameworks */ = {isa = PBXBuildFile; productRef = A48F5AA12CB7FC5F004F3A74 /* RxGesture */; };
/* End PBXBuildFile section */

/* Begin PBXFileReference section */
		03CECE1F2CB81E27000E8FF0 /* Config.xcconfig */ = {isa = PBXFileReference; lastKnownFileType = text.xcconfig; path = Config.xcconfig; sourceTree = "<group>"; };
		03CECE212CB82195000E8FF0 /* BookDetailView.swift */ = {isa = PBXFileReference; lastKnownFileType = sourcecode.swift; path = BookDetailView.swift; sourceTree = "<group>"; };
		03CECE232CB821A7000E8FF0 /* BookDetailViewController.swift */ = {isa = PBXFileReference; lastKnownFileType = sourcecode.swift; path = BookDetailViewController.swift; sourceTree = "<group>"; };
		03CECE252CB821B6000E8FF0 /* BookDetailViewModel.swift */ = {isa = PBXFileReference; lastKnownFileType = sourcecode.swift; path = BookDetailViewModel.swift; sourceTree = "<group>"; };
		03CECE282CB821CD000E8FF0 /* BookDetailCoverView.swift */ = {isa = PBXFileReference; lastKnownFileType = sourcecode.swift; path = BookDetailCoverView.swift; sourceTree = "<group>"; };
		03CECE2A2CB821E2000E8FF0 /* BookDetailDescriptionView.swift */ = {isa = PBXFileReference; lastKnownFileType = sourcecode.swift; path = BookDetailDescriptionView.swift; sourceTree = "<group>"; };
		03CECE482CB82E36000E8FF0 /* RecordBookViewController.swift */ = {isa = PBXFileReference; lastKnownFileType = sourcecode.swift; path = RecordBookViewController.swift; sourceTree = "<group>"; };
		03CECE4A2CB82E57000E8FF0 /* RecordBookViewModel.swift */ = {isa = PBXFileReference; lastKnownFileType = sourcecode.swift; path = RecordBookViewModel.swift; sourceTree = "<group>"; };
		03CECE4D2CB83259000E8FF0 /* RecordBookView.swift */ = {isa = PBXFileReference; lastKnownFileType = sourcecode.swift; path = RecordBookView.swift; sourceTree = "<group>"; };
		03CECE4F2CB8327E000E8FF0 /* CharacterView.swift */ = {isa = PBXFileReference; lastKnownFileType = sourcecode.swift; path = CharacterView.swift; sourceTree = "<group>"; };
		03CECE512CB8329F000E8FF0 /* RecordDateView.swift */ = {isa = PBXFileReference; lastKnownFileType = sourcecode.swift; path = RecordDateView.swift; sourceTree = "<group>"; };
		03CECE532CB832B0000E8FF0 /* BookReviewView.swift */ = {isa = PBXFileReference; lastKnownFileType = sourcecode.swift; path = BookReviewView.swift; sourceTree = "<group>"; };
		03CECE572CB83ED7000E8FF0 /* CalendarView.swift */ = {isa = PBXFileReference; lastKnownFileType = sourcecode.swift; path = CalendarView.swift; sourceTree = "<group>"; };
		03CECF252CBA4718000E8FF0 /* CharacterModel.swift */ = {isa = PBXFileReference; lastKnownFileType = sourcecode.swift; path = CharacterModel.swift; sourceTree = "<group>"; };
		A48AC3752CA28F6A00212432 /* AraBook.app */ = {isa = PBXFileReference; explicitFileType = wrapper.application; includeInIndex = 0; path = AraBook.app; sourceTree = BUILT_PRODUCTS_DIR; };
		A48AC3782CA28F6A00212432 /* AppDelegate.swift */ = {isa = PBXFileReference; lastKnownFileType = sourcecode.swift; path = AppDelegate.swift; sourceTree = "<group>"; };
		A48AC37A2CA28F6A00212432 /* SceneDelegate.swift */ = {isa = PBXFileReference; lastKnownFileType = sourcecode.swift; path = SceneDelegate.swift; sourceTree = "<group>"; };
		A48AC37C2CA28F6A00212432 /* ViewController.swift */ = {isa = PBXFileReference; lastKnownFileType = sourcecode.swift; path = ViewController.swift; sourceTree = "<group>"; };
		A48AC3812CA28F6B00212432 /* Assets.xcassets */ = {isa = PBXFileReference; lastKnownFileType = folder.assetcatalog; path = Assets.xcassets; sourceTree = "<group>"; };
		A48AC3842CA28F6B00212432 /* Base */ = {isa = PBXFileReference; lastKnownFileType = file.storyboard; name = Base; path = Base.lproj/LaunchScreen.storyboard; sourceTree = "<group>"; };
		A48AC3862CA28F6B00212432 /* Info.plist */ = {isa = PBXFileReference; lastKnownFileType = text.plist.xml; path = Info.plist; sourceTree = "<group>"; };
		A48AC3922CA2921200212432 /* Config.swift */ = {isa = PBXFileReference; lastKnownFileType = sourcecode.swift; path = Config.swift; sourceTree = "<group>"; };
		A48AC3952CA292BB00212432 /* CustomNavigationBar.swift */ = {isa = PBXFileReference; lastKnownFileType = sourcecode.swift; path = CustomNavigationBar.swift; sourceTree = "<group>"; };
		A48AC3992CA292D100212432 /* TabBarItem.swift */ = {isa = PBXFileReference; lastKnownFileType = sourcecode.swift; path = TabBarItem.swift; sourceTree = "<group>"; };
		A48AC39B2CA292DA00212432 /* TabBarController.swift */ = {isa = PBXFileReference; lastKnownFileType = sourcecode.swift; path = TabBarController.swift; sourceTree = "<group>"; };
		A48AC39D2CA2964500212432 /* Colors.xcassets */ = {isa = PBXFileReference; lastKnownFileType = folder.assetcatalog; path = Colors.xcassets; sourceTree = "<group>"; };
		A48AC3A62CA2993C00212432 /* SizeLiterals.swift */ = {isa = PBXFileReference; lastKnownFileType = sourcecode.swift; path = SizeLiterals.swift; sourceTree = "<group>"; };
		A48AC3A82CA2994300212432 /* FontLiterals.swift */ = {isa = PBXFileReference; lastKnownFileType = sourcecode.swift; path = FontLiterals.swift; sourceTree = "<group>"; };
		A48AC3B42CA29AA600212432 /* UIView+.swift */ = {isa = PBXFileReference; lastKnownFileType = sourcecode.swift; path = "UIView+.swift"; sourceTree = "<group>"; };
		A48AC3B62CA29EA400212432 /* Pretendard-Regular.otf */ = {isa = PBXFileReference; lastKnownFileType = file; path = "Pretendard-Regular.otf"; sourceTree = "<group>"; };
		A48AC3B72CA29EA400212432 /* Pretendard-SemiBold.otf */ = {isa = PBXFileReference; lastKnownFileType = file; path = "Pretendard-SemiBold.otf"; sourceTree = "<group>"; };
		A48AC3B82CA29EA400212432 /* PyeongChang-Bold.otf */ = {isa = PBXFileReference; lastKnownFileType = file; path = "PyeongChang-Bold.otf"; sourceTree = "<group>"; };
		A48AC3B92CA29EA400212432 /* Pretendard-Bold.otf */ = {isa = PBXFileReference; lastKnownFileType = file; path = "Pretendard-Bold.otf"; sourceTree = "<group>"; };
		A48AC3BF2CA41D6C00212432 /* HomeViewController.swift */ = {isa = PBXFileReference; lastKnownFileType = sourcecode.swift; path = HomeViewController.swift; sourceTree = "<group>"; };
		A48AC3C12CA4207600212432 /* HomeTodayBookView.swift */ = {isa = PBXFileReference; lastKnownFileType = sourcecode.swift; path = HomeTodayBookView.swift; sourceTree = "<group>"; };
		A48AC3C52CA427BA00212432 /* PyeongChang-Regular.otf */ = {isa = PBXFileReference; lastKnownFileType = file; path = "PyeongChang-Regular.otf"; sourceTree = "<group>"; };
		A48AC3C72CA4284800212432 /* UIStackView+.swift */ = {isa = PBXFileReference; lastKnownFileType = sourcecode.swift; path = "UIStackView+.swift"; sourceTree = "<group>"; };
		A48AC3CB2CA42EBE00212432 /* BookCollectionViewCell.swift */ = {isa = PBXFileReference; lastKnownFileType = sourcecode.swift; path = BookCollectionViewCell.swift; sourceTree = "<group>"; };
		A48AC3CF2CA431A400212432 /* NSObject+.swift */ = {isa = PBXFileReference; lastKnownFileType = sourcecode.swift; path = "NSObject+.swift"; sourceTree = "<group>"; };
		A48AC3D12CA5B7D400212432 /* HomeViewModel.swift */ = {isa = PBXFileReference; lastKnownFileType = sourcecode.swift; path = HomeViewModel.swift; sourceTree = "<group>"; };
		A48AC3D92CA5B85A00212432 /* ViewModel.swift */ = {isa = PBXFileReference; lastKnownFileType = sourcecode.swift; path = ViewModel.swift; sourceTree = "<group>"; };
		A48F58642CB426B0004F3A74 /* BaseTargetType.swift */ = {isa = PBXFileReference; lastKnownFileType = sourcecode.swift; path = BaseTargetType.swift; sourceTree = "<group>"; };
		A48F58662CB426B8004F3A74 /* GeneralResponse.swift */ = {isa = PBXFileReference; lastKnownFileType = sourcecode.swift; path = GeneralResponse.swift; sourceTree = "<group>"; };
		A48F58732CB42717004F3A74 /* HeaderConstant.swift */ = {isa = PBXFileReference; lastKnownFileType = sourcecode.swift; path = HeaderConstant.swift; sourceTree = "<group>"; };
		A48F58752CB4282B004F3A74 /* URLConstant.swift */ = {isa = PBXFileReference; lastKnownFileType = sourcecode.swift; path = URLConstant.swift; sourceTree = "<group>"; };
		A48F58772CB42849004F3A74 /* NetworkLoggerPlugin.swift */ = {isa = PBXFileReference; lastKnownFileType = sourcecode.swift; path = NetworkLoggerPlugin.swift; sourceTree = "<group>"; };
		A48F587F2CB428BC004F3A74 /* RecommendAiResponseDto.swift */ = {isa = PBXFileReference; lastKnownFileType = sourcecode.swift; path = RecommendAiResponseDto.swift; sourceTree = "<group>"; };
		A48F58812CB428CF004F3A74 /* RecommendBestSellerResponseDto.swift */ = {isa = PBXFileReference; lastKnownFileType = sourcecode.swift; path = RecommendBestSellerResponseDto.swift; sourceTree = "<group>"; };
		A48F58832CB42909004F3A74 /* HomeTarget.swift */ = {isa = PBXFileReference; lastKnownFileType = sourcecode.swift; path = HomeTarget.swift; sourceTree = "<group>"; };
		A48F58852CB4293F004F3A74 /* HomeService.swift */ = {isa = PBXFileReference; lastKnownFileType = sourcecode.swift; path = HomeService.swift; sourceTree = "<group>"; };
		A48F588C2CB439ED004F3A74 /* UIImageView+.swift */ = {isa = PBXFileReference; lastKnownFileType = sourcecode.swift; path = "UIImageView+.swift"; sourceTree = "<group>"; };
		A48F58A92CB5773F004F3A74 /* SerachViewController.swift */ = {isa = PBXFileReference; lastKnownFileType = sourcecode.swift; path = SerachViewController.swift; sourceTree = "<group>"; };
		A48F58AB2CB57A11004F3A74 /* SearchResultView.swift */ = {isa = PBXFileReference; lastKnownFileType = sourcecode.swift; path = SearchResultView.swift; sourceTree = "<group>"; };
		A48F58AD2CB57AE7004F3A74 /* RecentSearchView.swift */ = {isa = PBXFileReference; lastKnownFileType = sourcecode.swift; path = RecentSearchView.swift; sourceTree = "<group>"; };
		A48F58AF2CB57B33004F3A74 /* RecentCollectionViewCell.swift */ = {isa = PBXFileReference; lastKnownFileType = sourcecode.swift; path = RecentCollectionViewCell.swift; sourceTree = "<group>"; };
		A48F596A2CB582F6004F3A74 /* BaseTextField.swift */ = {isa = PBXFileReference; lastKnownFileType = sourcecode.swift; path = BaseTextField.swift; sourceTree = "<group>"; };
		A48F596C2CB582FF004F3A74 /* SearchTextField.swift */ = {isa = PBXFileReference; lastKnownFileType = sourcecode.swift; path = SearchTextField.swift; sourceTree = "<group>"; };
		A48F596E2CB58D40004F3A74 /* SearchBookResponseDto.swift */ = {isa = PBXFileReference; lastKnownFileType = sourcecode.swift; path = SearchBookResponseDto.swift; sourceTree = "<group>"; };
		A48F59702CB58EF4004F3A74 /* SearchViewModel.swift */ = {isa = PBXFileReference; lastKnownFileType = sourcecode.swift; path = SearchViewModel.swift; sourceTree = "<group>"; };
		A48F5A702CB6BF5F004F3A74 /* LocalDBService.swift */ = {isa = PBXFileReference; lastKnownFileType = sourcecode.swift; path = LocalDBService.swift; sourceTree = "<group>"; };
/* End PBXFileReference section */

/* Begin PBXFileSystemSynchronizedRootGroup section */
		033518562CA5C35000F60B61 /* RecordsList */ = {isa = PBXFileSystemSynchronizedRootGroup; explicitFileTypes = {}; explicitFolders = (); path = RecordsList; sourceTree = "<group>"; };
		A4B716632CAC146700F28562 /* RecordDetail */ = {isa = PBXFileSystemSynchronizedRootGroup; explicitFileTypes = {}; explicitFolders = (); path = RecordDetail; sourceTree = "<group>"; };
/* End PBXFileSystemSynchronizedRootGroup section */

/* Begin PBXFrameworksBuildPhase section */
		A48AC3722CA28F6A00212432 /* Frameworks */ = {
			isa = PBXFrameworksBuildPhase;
			buildActionMask = 2147483647;
			files = (
				A48F586E2CB426E3004F3A74 /* ReactiveMoya in Frameworks */,
				A48AC3D52CA5B83200212432 /* RxCocoa in Frameworks */,
				A48F5AA22CB7FC5F004F3A74 /* RxGesture in Frameworks */,
				A48AC3A12CA2982A00212432 /* Then in Frameworks */,
				A48F58892CB43569004F3A74 /* Kingfisher in Frameworks */,
				A48F586C2CB426E3004F3A74 /* Moya in Frameworks */,
				A48AC3D72CA5B83200212432 /* RxSwift in Frameworks */,
				A48F586A2CB426E3004F3A74 /* CombineMoya in Frameworks */,
				A48F58702CB426E3004F3A74 /* RxMoya in Frameworks */,
				A48AC3A42CA2983700212432 /* SnapKit in Frameworks */,
			);
			runOnlyForDeploymentPostprocessing = 0;
		};
/* End PBXFrameworksBuildPhase section */

/* Begin PBXGroup section */
		03CECE202CB8218C000E8FF0 /* BookDetail */ = {
			isa = PBXGroup;
			children = (
				03CECE272CB821C7000E8FF0 /* Views */,
				03CECE252CB821B6000E8FF0 /* BookDetailViewModel.swift */,
				03CECE232CB821A7000E8FF0 /* BookDetailViewController.swift */,
				03CECE212CB82195000E8FF0 /* BookDetailView.swift */,
			);
			path = BookDetail;
			sourceTree = "<group>";
		};
		03CECE272CB821C7000E8FF0 /* Views */ = {
			isa = PBXGroup;
			children = (
				03CECE2A2CB821E2000E8FF0 /* BookDetailDescriptionView.swift */,
				03CECE282CB821CD000E8FF0 /* BookDetailCoverView.swift */,
			);
			path = Views;
			sourceTree = "<group>";
		};
		03CECE472CB82E29000E8FF0 /* RecordBook */ = {
			isa = PBXGroup;
			children = (
				03CECF242CBA4711000E8FF0 /* Models */,
				03CECE4C2CB83207000E8FF0 /* Views */,
				03CECE4D2CB83259000E8FF0 /* RecordBookView.swift */,
				03CECE4A2CB82E57000E8FF0 /* RecordBookViewModel.swift */,
				03CECE482CB82E36000E8FF0 /* RecordBookViewController.swift */,
			);
			path = RecordBook;
			sourceTree = "<group>";
		};
		03CECE4C2CB83207000E8FF0 /* Views */ = {
			isa = PBXGroup;
			children = (
				03CECE572CB83ED7000E8FF0 /* CalendarView.swift */,
				03CECE4F2CB8327E000E8FF0 /* CharacterView.swift */,
				03CECE512CB8329F000E8FF0 /* RecordDateView.swift */,
				03CECE532CB832B0000E8FF0 /* BookReviewView.swift */,
			);
			path = Views;
			sourceTree = "<group>";
		};
		03CECF242CBA4711000E8FF0 /* Models */ = {
			isa = PBXGroup;
			children = (
				03CECF252CBA4718000E8FF0 /* CharacterModel.swift */,
			);
			path = Models;
			sourceTree = "<group>";
		};
		A48AC36C2CA28F6A00212432 = {
			isa = PBXGroup;
			children = (
				A48AC3772CA28F6A00212432 /* AraBook */,
				A48AC3762CA28F6A00212432 /* Products */,
			);
			sourceTree = "<group>";
		};
		A48AC3762CA28F6A00212432 /* Products */ = {
			isa = PBXGroup;
			children = (
				A48AC3752CA28F6A00212432 /* AraBook.app */,
			);
			name = Products;
			sourceTree = "<group>";
		};
		A48AC3772CA28F6A00212432 /* AraBook */ = {
			isa = PBXGroup;
			children = (
				A48AC38F2CA291DD00212432 /* Application */,
				A48AC38E2CA291CF00212432 /* Global */,
				A48AC38D2CA291CA00212432 /* Network */,
				A48AC38C2CA291BD00212432 /* Presentation */,
				A48AC3862CA28F6B00212432 /* Info.plist */,
				03CECE1F2CB81E27000E8FF0 /* Config.xcconfig */,
			);
			path = AraBook;
			sourceTree = "<group>";
		};
		A48AC38C2CA291BD00212432 /* Presentation */ = {
			isa = PBXGroup;
			children = (
				03CECE472CB82E29000E8FF0 /* RecordBook */,
				03CECE202CB8218C000E8FF0 /* BookDetail */,
				A4B716622CAC146000F28562 /* Record */,
				A48AC3BE2CA41D6100212432 /* Home */,
				A48AC3942CA292AA00212432 /* Common */,
				A48AC37C2CA28F6A00212432 /* ViewController.swift */,
			);
			path = Presentation;
			sourceTree = "<group>";
		};
		A48AC38D2CA291CA00212432 /* Network */ = {
			isa = PBXGroup;
			children = (
				A48AC3912CA2920A00212432 /* Base */,
				A48F58792CB4285C004F3A74 /* Data */,
				A48F587A2CB42860004F3A74 /* Target */,
				A48F587B2CB42863004F3A74 /* Service */,
			);
			path = Network;
			sourceTree = "<group>";
		};
		A48AC38E2CA291CF00212432 /* Global */ = {
			isa = PBXGroup;
			children = (
				A48AC3D82CA5B85200212432 /* Protocols */,
				A48AC3B32CA29A9900212432 /* Extension */,
				A48AC3A52CA2993400212432 /* Literals */,
				A48AC3902CA291EB00212432 /* Resource */,
				A48AC3832CA28F6B00212432 /* LaunchScreen.storyboard */,
			);
			path = Global;
			sourceTree = "<group>";
		};
		A48AC38F2CA291DD00212432 /* Application */ = {
			isa = PBXGroup;
			children = (
				A48AC3782CA28F6A00212432 /* AppDelegate.swift */,
				A48AC37A2CA28F6A00212432 /* SceneDelegate.swift */,
			);
			path = Application;
			sourceTree = "<group>";
		};
		A48AC3902CA291EB00212432 /* Resource */ = {
			isa = PBXGroup;
			children = (
				A48AC3AA2CA2998C00212432 /* Font */,
				A48AC3812CA28F6B00212432 /* Assets.xcassets */,
				A48AC39D2CA2964500212432 /* Colors.xcassets */,
			);
			path = Resource;
			sourceTree = "<group>";
		};
		A48AC3912CA2920A00212432 /* Base */ = {
			isa = PBXGroup;
			children = (
				A48F58772CB42849004F3A74 /* NetworkLoggerPlugin.swift */,
				A48F58752CB4282B004F3A74 /* URLConstant.swift */,
				A48F58732CB42717004F3A74 /* HeaderConstant.swift */,
				A48F58662CB426B8004F3A74 /* GeneralResponse.swift */,
				A48F58642CB426B0004F3A74 /* BaseTargetType.swift */,
				A48AC3922CA2921200212432 /* Config.swift */,
			);
			path = Base;
			sourceTree = "<group>";
		};
		A48AC3942CA292AA00212432 /* Common */ = {
			isa = PBXGroup;
			children = (
				A48AC3982CA292C200212432 /* NaviBar */,
				A48AC3972CA292BE00212432 /* TabBar */,
			);
			path = Common;
			sourceTree = "<group>";
		};
		A48AC3972CA292BE00212432 /* TabBar */ = {
			isa = PBXGroup;
			children = (
				A48AC3992CA292D100212432 /* TabBarItem.swift */,
				A48AC39B2CA292DA00212432 /* TabBarController.swift */,
			);
			path = TabBar;
			sourceTree = "<group>";
		};
		A48AC3982CA292C200212432 /* NaviBar */ = {
			isa = PBXGroup;
			children = (
				A48AC3952CA292BB00212432 /* CustomNavigationBar.swift */,
			);
			path = NaviBar;
			sourceTree = "<group>";
		};
		A48AC3A52CA2993400212432 /* Literals */ = {
			isa = PBXGroup;
			children = (
				A48AC3A62CA2993C00212432 /* SizeLiterals.swift */,
				A48AC3A82CA2994300212432 /* FontLiterals.swift */,
			);
			path = Literals;
			sourceTree = "<group>";
		};
		A48AC3AA2CA2998C00212432 /* Font */ = {
			isa = PBXGroup;
			children = (
				A48AC3C52CA427BA00212432 /* PyeongChang-Regular.otf */,
				A48AC3B92CA29EA400212432 /* Pretendard-Bold.otf */,
				A48AC3B62CA29EA400212432 /* Pretendard-Regular.otf */,
				A48AC3B72CA29EA400212432 /* Pretendard-SemiBold.otf */,
				A48AC3B82CA29EA400212432 /* PyeongChang-Bold.otf */,
			);
			path = Font;
			sourceTree = "<group>";
		};
		A48AC3B32CA29A9900212432 /* Extension */ = {
			isa = PBXGroup;
			children = (
				A48F588C2CB439ED004F3A74 /* UIImageView+.swift */,
				A48AC3B42CA29AA600212432 /* UIView+.swift */,
				A48AC3C72CA4284800212432 /* UIStackView+.swift */,
				A48AC3CF2CA431A400212432 /* NSObject+.swift */,
			);
			path = Extension;
			sourceTree = "<group>";
		};
		A48AC3BE2CA41D6100212432 /* Home */ = {
			isa = PBXGroup;
			children = (
				A48F58A62CB576FA004F3A74 /* Search */,
				A48F58A52CB576E6004F3A74 /* Main */,
			);
			path = Home;
			sourceTree = "<group>";
		};
		A48AC3D82CA5B85200212432 /* Protocols */ = {
			isa = PBXGroup;
			children = (
				A48AC3D92CA5B85A00212432 /* ViewModel.swift */,
			);
			path = Protocols;
			sourceTree = "<group>";
		};
		A48F58792CB4285C004F3A74 /* Data */ = {
			isa = PBXGroup;
			children = (
				A48F587C2CB428AA004F3A74 /* Home */,
			);
			path = Data;
			sourceTree = "<group>";
		};
		A48F587A2CB42860004F3A74 /* Target */ = {
			isa = PBXGroup;
			children = (
				A48F58832CB42909004F3A74 /* HomeTarget.swift */,
			);
			path = Target;
			sourceTree = "<group>";
		};
		A48F587B2CB42863004F3A74 /* Service */ = {
			isa = PBXGroup;
			children = (
				A48F58852CB4293F004F3A74 /* HomeService.swift */,
			);
			path = Service;
			sourceTree = "<group>";
		};
		A48F587C2CB428AA004F3A74 /* Home */ = {
			isa = PBXGroup;
			children = (
				A48F596E2CB58D40004F3A74 /* SearchBookResponseDto.swift */,
				A48F58812CB428CF004F3A74 /* RecommendBestSellerResponseDto.swift */,
				A48F587F2CB428BC004F3A74 /* RecommendAiResponseDto.swift */,
			);
			path = Home;
			sourceTree = "<group>";
		};
		A48F58A52CB576E6004F3A74 /* Main */ = {
			isa = PBXGroup;
			children = (
				A48AC3CB2CA42EBE00212432 /* BookCollectionViewCell.swift */,
				A48AC3C12CA4207600212432 /* HomeTodayBookView.swift */,
				A48AC3D12CA5B7D400212432 /* HomeViewModel.swift */,
				A48AC3BF2CA41D6C00212432 /* HomeViewController.swift */,
			);
			path = Main;
			sourceTree = "<group>";
		};
		A48F58A62CB576FA004F3A74 /* Search */ = {
			isa = PBXGroup;
			children = (
				A48F5A702CB6BF5F004F3A74 /* LocalDBService.swift */,
				A48F59692CB582EB004F3A74 /* SearchTextField */,
				A48F59722CB595B8004F3A74 /* View */,
				A48F59702CB58EF4004F3A74 /* SearchViewModel.swift */,
				A48F58AF2CB57B33004F3A74 /* RecentCollectionViewCell.swift */,
				A48F58A92CB5773F004F3A74 /* SerachViewController.swift */,
			);
			path = Search;
			sourceTree = "<group>";
		};
		A48F59692CB582EB004F3A74 /* SearchTextField */ = {
			isa = PBXGroup;
			children = (
				A48F596C2CB582FF004F3A74 /* SearchTextField.swift */,
				A48F596A2CB582F6004F3A74 /* BaseTextField.swift */,
			);
			path = SearchTextField;
			sourceTree = "<group>";
		};
		A48F59722CB595B8004F3A74 /* View */ = {
			isa = PBXGroup;
			children = (
				A48F58AD2CB57AE7004F3A74 /* RecentSearchView.swift */,
				A48F58AB2CB57A11004F3A74 /* SearchResultView.swift */,
			);
			path = View;
			sourceTree = "<group>";
		};
		A4B716622CAC146000F28562 /* Record */ = {
			isa = PBXGroup;
			children = (
				A4B716632CAC146700F28562 /* RecordDetail */,
				033518562CA5C35000F60B61 /* RecordsList */,
			);
			path = Record;
			sourceTree = "<group>";
		};
/* End PBXGroup section */

/* Begin PBXNativeTarget section */
		A48AC3742CA28F6A00212432 /* AraBook */ = {
			isa = PBXNativeTarget;
			buildConfigurationList = A48AC3892CA28F6B00212432 /* Build configuration list for PBXNativeTarget "AraBook" */;
			buildPhases = (
				A48AC3712CA28F6A00212432 /* Sources */,
				A48AC3722CA28F6A00212432 /* Frameworks */,
				A48AC3732CA28F6A00212432 /* Resources */,
			);
			buildRules = (
			);
			dependencies = (
			);
			fileSystemSynchronizedGroups = (
				033518562CA5C35000F60B61 /* RecordsList */,
				A4B716632CAC146700F28562 /* RecordDetail */,
			);
			name = AraBook;
			packageProductDependencies = (
				A48AC3A02CA2982A00212432 /* Then */,
				A48AC3A32CA2983700212432 /* SnapKit */,
				A48AC3D42CA5B83200212432 /* RxCocoa */,
				A48AC3D62CA5B83200212432 /* RxSwift */,
				A48F58692CB426E3004F3A74 /* CombineMoya */,
				A48F586B2CB426E3004F3A74 /* Moya */,
				A48F586D2CB426E3004F3A74 /* ReactiveMoya */,
				A48F586F2CB426E3004F3A74 /* RxMoya */,
				A48F58882CB43569004F3A74 /* Kingfisher */,
				A48F5AA12CB7FC5F004F3A74 /* RxGesture */,
			);
			productName = AraBook;
			productReference = A48AC3752CA28F6A00212432 /* AraBook.app */;
			productType = "com.apple.product-type.application";
		};
/* End PBXNativeTarget section */

/* Begin PBXProject section */
		A48AC36D2CA28F6A00212432 /* Project object */ = {
			isa = PBXProject;
			attributes = {
				BuildIndependentTargetsInParallel = 1;
				LastSwiftUpdateCheck = 1540;
				LastUpgradeCheck = 1540;
				TargetAttributes = {
					A48AC3742CA28F6A00212432 = {
						CreatedOnToolsVersion = 15.4;
					};
				};
			};
			buildConfigurationList = A48AC3702CA28F6A00212432 /* Build configuration list for PBXProject "AraBook" */;
			compatibilityVersion = "Xcode 14.0";
			developmentRegion = en;
			hasScannedForEncodings = 0;
			knownRegions = (
				en,
				Base,
			);
			mainGroup = A48AC36C2CA28F6A00212432;
			packageReferences = (
				A48AC39F2CA2982A00212432 /* XCRemoteSwiftPackageReference "Then" */,
				A48AC3A22CA2983700212432 /* XCRemoteSwiftPackageReference "SnapKit" */,
				A48AC3D32CA5B83200212432 /* XCRemoteSwiftPackageReference "RxSwift" */,
				A48F58682CB426E3004F3A74 /* XCRemoteSwiftPackageReference "Moya" */,
				A48F58872CB43569004F3A74 /* XCRemoteSwiftPackageReference "Kingfisher" */,
				A48F5AA02CB7FC5E004F3A74 /* XCRemoteSwiftPackageReference "RxGesture" */,
			);
			productRefGroup = A48AC3762CA28F6A00212432 /* Products */;
			projectDirPath = "";
			projectRoot = "";
			targets = (
				A48AC3742CA28F6A00212432 /* AraBook */,
			);
		};
/* End PBXProject section */

/* Begin PBXResourcesBuildPhase section */
		A48AC3732CA28F6A00212432 /* Resources */ = {
			isa = PBXResourcesBuildPhase;
			buildActionMask = 2147483647;
			files = (
				A48AC3C62CA427BA00212432 /* PyeongChang-Regular.otf in Resources */,
				A48AC39E2CA2964500212432 /* Colors.xcassets in Resources */,
				A48AC3BA2CA29EA400212432 /* Pretendard-Regular.otf in Resources */,
				A48AC3BD2CA29EA400212432 /* Pretendard-Bold.otf in Resources */,
				A48AC3BB2CA29EA400212432 /* Pretendard-SemiBold.otf in Resources */,
				A48AC3822CA28F6B00212432 /* Assets.xcassets in Resources */,
				A48AC3BC2CA29EA400212432 /* PyeongChang-Bold.otf in Resources */,
				A48AC3852CA28F6B00212432 /* Base in Resources */,
			);
			runOnlyForDeploymentPostprocessing = 0;
		};
/* End PBXResourcesBuildPhase section */

/* Begin PBXSourcesBuildPhase section */
		A48AC3712CA28F6A00212432 /* Sources */ = {
			isa = PBXSourcesBuildPhase;
			buildActionMask = 2147483647;
			files = (
				A48F588D2CB439F3004F3A74 /* UIImageView+.swift in Sources */,
				A48AC3A72CA2993C00212432 /* SizeLiterals.swift in Sources */,
				A48AC3D22CA5B7D400212432 /* HomeViewModel.swift in Sources */,
				A48F58AC2CB57ADE004F3A74 /* SearchResultView.swift in Sources */,
				A48AC39A2CA292D100212432 /* TabBarItem.swift in Sources */,
				03CECE242CB821AD000E8FF0 /* BookDetailViewController.swift in Sources */,
				A48F58AA2CB57743004F3A74 /* SerachViewController.swift in Sources */,
				A48AC37D2CA28F6A00212432 /* ViewController.swift in Sources */,
				A48F58742CB4271A004F3A74 /* HeaderConstant.swift in Sources */,
				A48F58762CB4282E004F3A74 /* URLConstant.swift in Sources */,
				A48AC3CC2CA42EBE00212432 /* BookCollectionViewCell.swift in Sources */,
				A48AC3932CA2921200212432 /* Config.swift in Sources */,
				03CECE2B2CB821ED000E8FF0 /* BookDetailDescriptionView.swift in Sources */,
				A48F596D2CB58304004F3A74 /* SearchTextField.swift in Sources */,
				A48AC3B52CA29AA600212432 /* UIView+.swift in Sources */,
				03CECE222CB8219A000E8FF0 /* BookDetailView.swift in Sources */,
				A48AC3792CA28F6A00212432 /* AppDelegate.swift in Sources */,
				03CECE492CB82E3B000E8FF0 /* RecordBookViewController.swift in Sources */,
				A48F58842CB4290D004F3A74 /* HomeTarget.swift in Sources */,
				A48F58652CB426B3004F3A74 /* BaseTargetType.swift in Sources */,
				A48AC3C82CA4284800212432 /* UIStackView+.swift in Sources */,
				A48F58862CB42943004F3A74 /* HomeService.swift in Sources */,
				A48F58B02CB57B50004F3A74 /* RecentCollectionViewCell.swift in Sources */,
				03CECE4E2CB83271000E8FF0 /* RecordBookView.swift in Sources */,
				A48AC39C2CA292DA00212432 /* TabBarController.swift in Sources */,
				A48F58822CB428D7004F3A74 /* RecommendBestSellerResponseDto.swift in Sources */,
				A48AC3DA2CA5B85A00212432 /* ViewModel.swift in Sources */,
				A48F59712CB58EF8004F3A74 /* SearchViewModel.swift in Sources */,
				A48F596B2CB582FC004F3A74 /* BaseTextField.swift in Sources */,
				03CECE522CB832A7000E8FF0 /* RecordDateView.swift in Sources */,
				03CECE542CB832C3000E8FF0 /* BookReviewView.swift in Sources */,
				03CECF262CBA471E000E8FF0 /* CharacterModel.swift in Sources */,
				A48F58782CB4284F004F3A74 /* NetworkLoggerPlugin.swift in Sources */,
				03CECE4B2CB82E63000E8FF0 /* RecordBookViewModel.swift in Sources */,
				A48AC3D02CA431A400212432 /* NSObject+.swift in Sources */,
				A48F58672CB426BC004F3A74 /* GeneralResponse.swift in Sources */,
				03CECE502CB83282000E8FF0 /* CharacterView.swift in Sources */,
				A48AC3C02CA41D6C00212432 /* HomeViewController.swift in Sources */,
				A48AC37B2CA28F6A00212432 /* SceneDelegate.swift in Sources */,
				A48F58802CB428C8004F3A74 /* RecommendAiResponseDto.swift in Sources */,
				03CECE262CB821BB000E8FF0 /* BookDetailViewModel.swift in Sources */,
				A48F596F2CB58D5D004F3A74 /* SearchBookResponseDto.swift in Sources */,
				03CECE582CB83EDB000E8FF0 /* CalendarView.swift in Sources */,
				A48AC3962CA292BB00212432 /* CustomNavigationBar.swift in Sources */,
				03CECE292CB821D6000E8FF0 /* BookDetailCoverView.swift in Sources */,
				A48AC3C22CA4207600212432 /* HomeTodayBookView.swift in Sources */,
				A48F58AE2CB57AEE004F3A74 /* RecentSearchView.swift in Sources */,
				A48AC3A92CA2994300212432 /* FontLiterals.swift in Sources */,
				A48F5A712CB6BF69004F3A74 /* LocalDBService.swift in Sources */,
			);
			runOnlyForDeploymentPostprocessing = 0;
		};
/* End PBXSourcesBuildPhase section */

/* Begin PBXVariantGroup section */
		A48AC3832CA28F6B00212432 /* LaunchScreen.storyboard */ = {
			isa = PBXVariantGroup;
			children = (
				A48AC3842CA28F6B00212432 /* Base */,
			);
			name = LaunchScreen.storyboard;
			sourceTree = "<group>";
		};
/* End PBXVariantGroup section */

/* Begin XCBuildConfiguration section */
		A48AC3872CA28F6B00212432 /* Debug */ = {
			isa = XCBuildConfiguration;
			baseConfigurationReference = 03CECE1F2CB81E27000E8FF0 /* Config.xcconfig */;
			buildSettings = {
				ALWAYS_SEARCH_USER_PATHS = NO;
				ASSETCATALOG_COMPILER_GENERATE_SWIFT_ASSET_SYMBOL_EXTENSIONS = YES;
				CLANG_ANALYZER_NONNULL = YES;
				CLANG_ANALYZER_NUMBER_OBJECT_CONVERSION = YES_AGGRESSIVE;
				CLANG_CXX_LANGUAGE_STANDARD = "gnu++20";
				CLANG_ENABLE_MODULES = YES;
				CLANG_ENABLE_OBJC_ARC = YES;
				CLANG_ENABLE_OBJC_WEAK = YES;
				CLANG_WARN_BLOCK_CAPTURE_AUTORELEASING = YES;
				CLANG_WARN_BOOL_CONVERSION = YES;
				CLANG_WARN_COMMA = YES;
				CLANG_WARN_CONSTANT_CONVERSION = YES;
				CLANG_WARN_DEPRECATED_OBJC_IMPLEMENTATIONS = YES;
				CLANG_WARN_DIRECT_OBJC_ISA_USAGE = YES_ERROR;
				CLANG_WARN_DOCUMENTATION_COMMENTS = YES;
				CLANG_WARN_EMPTY_BODY = YES;
				CLANG_WARN_ENUM_CONVERSION = YES;
				CLANG_WARN_INFINITE_RECURSION = YES;
				CLANG_WARN_INT_CONVERSION = YES;
				CLANG_WARN_NON_LITERAL_NULL_CONVERSION = YES;
				CLANG_WARN_OBJC_IMPLICIT_RETAIN_SELF = YES;
				CLANG_WARN_OBJC_LITERAL_CONVERSION = YES;
				CLANG_WARN_OBJC_ROOT_CLASS = YES_ERROR;
				CLANG_WARN_QUOTED_INCLUDE_IN_FRAMEWORK_HEADER = YES;
				CLANG_WARN_RANGE_LOOP_ANALYSIS = YES;
				CLANG_WARN_STRICT_PROTOTYPES = YES;
				CLANG_WARN_SUSPICIOUS_MOVE = YES;
				CLANG_WARN_UNGUARDED_AVAILABILITY = YES_AGGRESSIVE;
				CLANG_WARN_UNREACHABLE_CODE = YES;
				CLANG_WARN__DUPLICATE_METHOD_MATCH = YES;
				COPY_PHASE_STRIP = NO;
				DEBUG_INFORMATION_FORMAT = dwarf;
				ENABLE_STRICT_OBJC_MSGSEND = YES;
				ENABLE_TESTABILITY = YES;
				ENABLE_USER_SCRIPT_SANDBOXING = YES;
				GCC_C_LANGUAGE_STANDARD = gnu17;
				GCC_DYNAMIC_NO_PIC = NO;
				GCC_NO_COMMON_BLOCKS = YES;
				GCC_OPTIMIZATION_LEVEL = 0;
				GCC_PREPROCESSOR_DEFINITIONS = (
					"DEBUG=1",
					"$(inherited)",
				);
				GCC_WARN_64_TO_32_BIT_CONVERSION = YES;
				GCC_WARN_ABOUT_RETURN_TYPE = YES_ERROR;
				GCC_WARN_UNDECLARED_SELECTOR = YES;
				GCC_WARN_UNINITIALIZED_AUTOS = YES_AGGRESSIVE;
				GCC_WARN_UNUSED_FUNCTION = YES;
				GCC_WARN_UNUSED_VARIABLE = YES;
				IPHONEOS_DEPLOYMENT_TARGET = 17.5;
				LOCALIZATION_PREFERS_STRING_CATALOGS = YES;
				MTL_ENABLE_DEBUG_INFO = INCLUDE_SOURCE;
				MTL_FAST_MATH = YES;
				ONLY_ACTIVE_ARCH = YES;
				SDKROOT = iphoneos;
				SWIFT_ACTIVE_COMPILATION_CONDITIONS = "DEBUG $(inherited)";
				SWIFT_OPTIMIZATION_LEVEL = "-Onone";
			};
			name = Debug;
		};
		A48AC3882CA28F6B00212432 /* Release */ = {
			isa = XCBuildConfiguration;
			baseConfigurationReference = 03CECE1F2CB81E27000E8FF0 /* Config.xcconfig */;
			buildSettings = {
				ALWAYS_SEARCH_USER_PATHS = NO;
				ASSETCATALOG_COMPILER_GENERATE_SWIFT_ASSET_SYMBOL_EXTENSIONS = YES;
				CLANG_ANALYZER_NONNULL = YES;
				CLANG_ANALYZER_NUMBER_OBJECT_CONVERSION = YES_AGGRESSIVE;
				CLANG_CXX_LANGUAGE_STANDARD = "gnu++20";
				CLANG_ENABLE_MODULES = YES;
				CLANG_ENABLE_OBJC_ARC = YES;
				CLANG_ENABLE_OBJC_WEAK = YES;
				CLANG_WARN_BLOCK_CAPTURE_AUTORELEASING = YES;
				CLANG_WARN_BOOL_CONVERSION = YES;
				CLANG_WARN_COMMA = YES;
				CLANG_WARN_CONSTANT_CONVERSION = YES;
				CLANG_WARN_DEPRECATED_OBJC_IMPLEMENTATIONS = YES;
				CLANG_WARN_DIRECT_OBJC_ISA_USAGE = YES_ERROR;
				CLANG_WARN_DOCUMENTATION_COMMENTS = YES;
				CLANG_WARN_EMPTY_BODY = YES;
				CLANG_WARN_ENUM_CONVERSION = YES;
				CLANG_WARN_INFINITE_RECURSION = YES;
				CLANG_WARN_INT_CONVERSION = YES;
				CLANG_WARN_NON_LITERAL_NULL_CONVERSION = YES;
				CLANG_WARN_OBJC_IMPLICIT_RETAIN_SELF = YES;
				CLANG_WARN_OBJC_LITERAL_CONVERSION = YES;
				CLANG_WARN_OBJC_ROOT_CLASS = YES_ERROR;
				CLANG_WARN_QUOTED_INCLUDE_IN_FRAMEWORK_HEADER = YES;
				CLANG_WARN_RANGE_LOOP_ANALYSIS = YES;
				CLANG_WARN_STRICT_PROTOTYPES = YES;
				CLANG_WARN_SUSPICIOUS_MOVE = YES;
				CLANG_WARN_UNGUARDED_AVAILABILITY = YES_AGGRESSIVE;
				CLANG_WARN_UNREACHABLE_CODE = YES;
				CLANG_WARN__DUPLICATE_METHOD_MATCH = YES;
				COPY_PHASE_STRIP = NO;
				DEBUG_INFORMATION_FORMAT = "dwarf-with-dsym";
				ENABLE_NS_ASSERTIONS = NO;
				ENABLE_STRICT_OBJC_MSGSEND = YES;
				ENABLE_USER_SCRIPT_SANDBOXING = YES;
				GCC_C_LANGUAGE_STANDARD = gnu17;
				GCC_NO_COMMON_BLOCKS = YES;
				GCC_WARN_64_TO_32_BIT_CONVERSION = YES;
				GCC_WARN_ABOUT_RETURN_TYPE = YES_ERROR;
				GCC_WARN_UNDECLARED_SELECTOR = YES;
				GCC_WARN_UNINITIALIZED_AUTOS = YES_AGGRESSIVE;
				GCC_WARN_UNUSED_FUNCTION = YES;
				GCC_WARN_UNUSED_VARIABLE = YES;
				IPHONEOS_DEPLOYMENT_TARGET = 17.5;
				LOCALIZATION_PREFERS_STRING_CATALOGS = YES;
				MTL_ENABLE_DEBUG_INFO = NO;
				MTL_FAST_MATH = YES;
				SDKROOT = iphoneos;
				SWIFT_COMPILATION_MODE = wholemodule;
				VALIDATE_PRODUCT = YES;
			};
			name = Release;
		};
		A48AC38A2CA28F6B00212432 /* Debug */ = {
			isa = XCBuildConfiguration;
			baseConfigurationReference = 03CECE1F2CB81E27000E8FF0 /* Config.xcconfig */;
			buildSettings = {
				ASSETCATALOG_COMPILER_APPICON_NAME = AppIcon;
				ASSETCATALOG_COMPILER_GLOBAL_ACCENT_COLOR_NAME = AccentColor;
				"CODE_SIGN_IDENTITY[sdk=iphoneos*]" = "iPhone Developer";
				CODE_SIGN_STYLE = Manual;
				CURRENT_PROJECT_VERSION = 1;
				DEVELOPMENT_TEAM = "";
				"DEVELOPMENT_TEAM[sdk=iphoneos*]" = XGXWL95BMU;
				GENERATE_INFOPLIST_FILE = YES;
				INFOPLIST_FILE = AraBook/Info.plist;
				INFOPLIST_KEY_UIApplicationSupportsIndirectInputEvents = YES;
				INFOPLIST_KEY_UILaunchStoryboardName = LaunchScreen;
				INFOPLIST_KEY_UISupportedInterfaceOrientations = UIInterfaceOrientationPortrait;
				INFOPLIST_KEY_UISupportedInterfaceOrientations_iPad = "UIInterfaceOrientationLandscapeLeft UIInterfaceOrientationLandscapeRight UIInterfaceOrientationPortrait UIInterfaceOrientationPortraitUpsideDown";
				LD_RUNPATH_SEARCH_PATHS = (
					"$(inherited)",
					"@executable_path/Frameworks",
				);
				MARKETING_VERSION = 1.0;
				PRODUCT_BUNDLE_IDENTIFIER = com.Peugaedong.AraBook;
				PRODUCT_NAME = "$(TARGET_NAME)";
				PROVISIONING_PROFILE_SPECIFIER = "";
				"PROVISIONING_PROFILE_SPECIFIER[sdk=iphoneos*]" = "AraBook-Debug";
				SUPPORTED_PLATFORMS = "iphoneos iphonesimulator";
				SUPPORTS_MACCATALYST = NO;
				SWIFT_EMIT_LOC_STRINGS = YES;
				SWIFT_VERSION = 5.0;
				TARGETED_DEVICE_FAMILY = 1;
			};
			name = Debug;
		};
		A48AC38B2CA28F6B00212432 /* Release */ = {
			isa = XCBuildConfiguration;
			baseConfigurationReference = 03CECE1F2CB81E27000E8FF0 /* Config.xcconfig */;
			buildSettings = {
				ASSETCATALOG_COMPILER_APPICON_NAME = AppIcon;
				ASSETCATALOG_COMPILER_GLOBAL_ACCENT_COLOR_NAME = AccentColor;
				"CODE_SIGN_IDENTITY[sdk=iphoneos*]" = "iPhone Developer";
				CODE_SIGN_STYLE = Manual;
				CURRENT_PROJECT_VERSION = 1;
				DEVELOPMENT_TEAM = "";
				"DEVELOPMENT_TEAM[sdk=iphoneos*]" = XGXWL95BMU;
				GENERATE_INFOPLIST_FILE = YES;
				INFOPLIST_FILE = AraBook/Info.plist;
				INFOPLIST_KEY_UIApplicationSupportsIndirectInputEvents = YES;
				INFOPLIST_KEY_UILaunchStoryboardName = LaunchScreen;
				INFOPLIST_KEY_UISupportedInterfaceOrientations = UIInterfaceOrientationPortrait;
				INFOPLIST_KEY_UISupportedInterfaceOrientations_iPad = "UIInterfaceOrientationLandscapeLeft UIInterfaceOrientationLandscapeRight UIInterfaceOrientationPortrait UIInterfaceOrientationPortraitUpsideDown";
				LD_RUNPATH_SEARCH_PATHS = (
					"$(inherited)",
					"@executable_path/Frameworks",
				);
				MARKETING_VERSION = 1.0;
				PRODUCT_BUNDLE_IDENTIFIER = com.Peugaedong.AraBook;
				PRODUCT_NAME = "$(TARGET_NAME)";
				PROVISIONING_PROFILE_SPECIFIER = "";
				"PROVISIONING_PROFILE_SPECIFIER[sdk=iphoneos*]" = "AraBook-Debug";
				SUPPORTED_PLATFORMS = "iphoneos iphonesimulator";
				SUPPORTS_MACCATALYST = NO;
				SWIFT_EMIT_LOC_STRINGS = YES;
				SWIFT_VERSION = 5.0;
				TARGETED_DEVICE_FAMILY = 1;
			};
			name = Release;
		};
/* End XCBuildConfiguration section */

/* Begin XCConfigurationList section */
		A48AC3702CA28F6A00212432 /* Build configuration list for PBXProject "AraBook" */ = {
			isa = XCConfigurationList;
			buildConfigurations = (
				A48AC3872CA28F6B00212432 /* Debug */,
				A48AC3882CA28F6B00212432 /* Release */,
			);
			defaultConfigurationIsVisible = 0;
			defaultConfigurationName = Release;
		};
		A48AC3892CA28F6B00212432 /* Build configuration list for PBXNativeTarget "AraBook" */ = {
			isa = XCConfigurationList;
			buildConfigurations = (
				A48AC38A2CA28F6B00212432 /* Debug */,
				A48AC38B2CA28F6B00212432 /* Release */,
			);
			defaultConfigurationIsVisible = 0;
			defaultConfigurationName = Release;
		};
/* End XCConfigurationList section */

/* Begin XCRemoteSwiftPackageReference section */
		A48AC39F2CA2982A00212432 /* XCRemoteSwiftPackageReference "Then" */ = {
			isa = XCRemoteSwiftPackageReference;
			repositoryURL = "https://github.com/devxoul/Then";
			requirement = {
				kind = upToNextMajorVersion;
				minimumVersion = 3.0.0;
			};
		};
		A48AC3A22CA2983700212432 /* XCRemoteSwiftPackageReference "SnapKit" */ = {
			isa = XCRemoteSwiftPackageReference;
			repositoryURL = "https://github.com/SnapKit/SnapKit";
			requirement = {
				kind = upToNextMajorVersion;
				minimumVersion = 5.7.1;
			};
		};
		A48AC3D32CA5B83200212432 /* XCRemoteSwiftPackageReference "RxSwift" */ = {
			isa = XCRemoteSwiftPackageReference;
			repositoryURL = "https://github.com/ReactiveX/RxSwift";
			requirement = {
				kind = upToNextMajorVersion;
				minimumVersion = 6.7.1;
			};
		};
		A48F58682CB426E3004F3A74 /* XCRemoteSwiftPackageReference "Moya" */ = {
			isa = XCRemoteSwiftPackageReference;
			repositoryURL = "https://github.com/Moya/Moya.git";
			requirement = {
				kind = upToNextMajorVersion;
				minimumVersion = 15.0.3;
			};
		};
		A48F58872CB43569004F3A74 /* XCRemoteSwiftPackageReference "Kingfisher" */ = {
			isa = XCRemoteSwiftPackageReference;
			repositoryURL = "https://github.com/onevcat/Kingfisher";
			requirement = {
				kind = upToNextMajorVersion;
				minimumVersion = 8.0.3;
			};
		};
		A48F5AA02CB7FC5E004F3A74 /* XCRemoteSwiftPackageReference "RxGesture" */ = {
			isa = XCRemoteSwiftPackageReference;
			repositoryURL = "https://github.com/RxSwiftCommunity/RxGesture";
			requirement = {
				kind = upToNextMajorVersion;
				minimumVersion = 4.0.4;
			};
		};
/* End XCRemoteSwiftPackageReference section */

/* Begin XCSwiftPackageProductDependency section */
		A48AC3A02CA2982A00212432 /* Then */ = {
			isa = XCSwiftPackageProductDependency;
			package = A48AC39F2CA2982A00212432 /* XCRemoteSwiftPackageReference "Then" */;
			productName = Then;
		};
		A48AC3A32CA2983700212432 /* SnapKit */ = {
			isa = XCSwiftPackageProductDependency;
			package = A48AC3A22CA2983700212432 /* XCRemoteSwiftPackageReference "SnapKit" */;
			productName = SnapKit;
		};
		A48AC3D42CA5B83200212432 /* RxCocoa */ = {
			isa = XCSwiftPackageProductDependency;
			package = A48AC3D32CA5B83200212432 /* XCRemoteSwiftPackageReference "RxSwift" */;
			productName = RxCocoa;
		};
		A48AC3D62CA5B83200212432 /* RxSwift */ = {
			isa = XCSwiftPackageProductDependency;
			package = A48AC3D32CA5B83200212432 /* XCRemoteSwiftPackageReference "RxSwift" */;
			productName = RxSwift;
		};
		A48F58692CB426E3004F3A74 /* CombineMoya */ = {
			isa = XCSwiftPackageProductDependency;
			package = A48F58682CB426E3004F3A74 /* XCRemoteSwiftPackageReference "Moya" */;
			productName = CombineMoya;
		};
		A48F586B2CB426E3004F3A74 /* Moya */ = {
			isa = XCSwiftPackageProductDependency;
			package = A48F58682CB426E3004F3A74 /* XCRemoteSwiftPackageReference "Moya" */;
			productName = Moya;
		};
		A48F586D2CB426E3004F3A74 /* ReactiveMoya */ = {
			isa = XCSwiftPackageProductDependency;
			package = A48F58682CB426E3004F3A74 /* XCRemoteSwiftPackageReference "Moya" */;
			productName = ReactiveMoya;
		};
		A48F586F2CB426E3004F3A74 /* RxMoya */ = {
			isa = XCSwiftPackageProductDependency;
			package = A48F58682CB426E3004F3A74 /* XCRemoteSwiftPackageReference "Moya" */;
			productName = RxMoya;
		};
		A48F58882CB43569004F3A74 /* Kingfisher */ = {
			isa = XCSwiftPackageProductDependency;
			package = A48F58872CB43569004F3A74 /* XCRemoteSwiftPackageReference "Kingfisher" */;
			productName = Kingfisher;
		};
		A48F5AA12CB7FC5F004F3A74 /* RxGesture */ = {
			isa = XCSwiftPackageProductDependency;
			package = A48F5AA02CB7FC5E004F3A74 /* XCRemoteSwiftPackageReference "RxGesture" */;
			productName = RxGesture;
		};
/* End XCSwiftPackageProductDependency section */
	};
	rootObject = A48AC36D2CA28F6A00212432 /* Project object */;
}
